
Microsoft Visual Studio Solution File, Format Version 12.00
# Visual Studio Version 17
VisualStudioVersion = 17.3.32825.248
MinimumVisualStudioVersion = 10.0.40219.1
Project("{9A19103F-16F7-4668-BE54-9A1E7A4F7556}") = "Abc.Nes", "Abc.Nes.csproj", "{FE8CA84E-A197-4B82-A3B7-61294397239C}"
EndProject
Project("{9A19103F-16F7-4668-BE54-9A1E7A4F7556}") = "Abc.Nes.ArchivalPackage", "..\Abc.Nes.ArchivalPackage\Abc.Nes.ArchivalPackage.csproj", "{F85ABB84-DA49-4F43-B6E2-3843F98C990C}"
EndProject
Project("{9A19103F-16F7-4668-BE54-9A1E7A4F7556}") = "Abc.Nes.ArchivalPackage.Cryptography", "..\Abc.Nes.ArchivalPackage.Cryptography\Abc.Nes.ArchivalPackage.Cryptography.csproj", "{284F9927-F6D2-4727-8A2B-ADABCA5E7E40}"
EndProject
Project("{9A19103F-16F7-4668-BE54-9A1E7A4F7556}") = "Abc.Nes.Xades", "..\Abc.Nes.Xades\Abc.Nes.Xades.csproj", "{57833AD8-F3D0-4E7F-ABF1-1C9904C86348}"
EndProject
Project("{2150E333-8FDC-42A3-9474-1A3956D46DE8}") = "src", "src", "{C6E7383D-C962-4A58-8541-A64C28638D3E}"
EndProject
Project("{2150E333-8FDC-42A3-9474-1A3956D46DE8}") = "test", "test", "{470E9BE2-55C0-4302-B89B-5E05C7A03053}"
EndProject
Project("{2150E333-8FDC-42A3-9474-1A3956D46DE8}") = "doc", "doc", "{D6879F3C-395D-420A-AABC-D32063B3FBE8}"
	ProjectSection(SolutionItems) = preProject
		..\ABCPRO.NES.nuspec = ..\ABCPRO.NES.nuspec
		..\README.md = ..\README.md
	EndProjectSection
EndProject
Project("{2150E333-8FDC-42A3-9474-1A3956D46DE8}") = "itext", "itext", "{285C9EF1-8916-4177-AA08-9E4943A884A3}"
EndProject
Project("{9A19103F-16F7-4668-BE54-9A1E7A4F7556}") = "itext.kernel.netstandard", "..\..\..\..\itext7-dotnet\itext\itext.kernel\itext.kernel.netstandard.csproj", "{80CC8755-68C8-4C2E-B247-3CF8399C3814}"
EndProject
Project("{9A19103F-16F7-4668-BE54-9A1E7A4F7556}") = "itext.io.netstandard", "..\..\..\..\itext7-dotnet\itext\itext.io\itext.io.netstandard.csproj", "{6F1DF038-55D0-4669-95CC-A59EA95AFB90}"
EndProject
Project("{9A19103F-16F7-4668-BE54-9A1E7A4F7556}") = "itext.sign.netstandard", "..\..\..\..\itext7-dotnet\itext\itext.sign\itext.sign.netstandard.csproj", "{47BD1AE6-82DB-4E1F-B06D-B6D4D284AB43}"
EndProject
Project("{9A19103F-16F7-4668-BE54-9A1E7A4F7556}") = "itext.forms.netstandard", "..\..\..\..\itext7-dotnet\itext\itext.forms\itext.forms.netstandard.csproj", "{18D46EC3-C6BF-41BE-9CEA-658E0A6B1D2F}"
EndProject
Project("{9A19103F-16F7-4668-BE54-9A1E7A4F7556}") = "itext.layout.netstandard", "..\..\..\..\itext7-dotnet\itext\itext.layout\itext.layout.netstandard.csproj", "{44B62E8C-E0AA-4E93-A4EC-C833C3F425B7}"
EndProject
Project("{9A19103F-16F7-4668-BE54-9A1E7A4F7556}") = "itext.pdfa.netstandard", "..\..\..\..\itext7-dotnet\itext\itext.pdfa\itext.pdfa.netstandard.csproj", "{027D5E18-3847-49AD-B1E2-C855CB67405B}"
EndProject
Project("{9A19103F-16F7-4668-BE54-9A1E7A4F7556}") = "Abc.Nes.NUnitTests", "..\Abc.Nes.NUnitTests\Abc.Nes.NUnitTests.csproj", "{E6AC059C-ED72-4B3C-BCC8-DCF7E7469917}"
EndProject
Project("{9A19103F-16F7-4668-BE54-9A1E7A4F7556}") = "Abc.Nes.Common", "..\Abc.Nes.Common\Abc.Nes.Common.csproj", "{8922A8FD-91E1-4933-832F-AA0FFF350248}"
EndProject
Project("{9A19103F-16F7-4668-BE54-9A1E7A4F7556}") = "itext.barcodes.netstandard", "..\..\..\..\itext7-dotnet\itext\itext.barcodes\itext.barcodes.netstandard.csproj", "{70BBDD53-557A-4A61-A3AC-7F1345F0C33D}"
EndProject
Project("{9A19103F-16F7-4668-BE54-9A1E7A4F7556}") = "itext.styledxmlparser.netstandard", "..\..\..\..\itext7-dotnet\itext\itext.styledxmlparser\itext.styledxmlparser.netstandard.csproj", "{37389899-E43B-4526-81CF-116BF2EEC093}"
EndProject
Project("{9A19103F-16F7-4668-BE54-9A1E7A4F7556}") = "itext.svg.netstandard", "..\..\..\..\itext7-dotnet\itext\itext.svg\itext.svg.netstandard.csproj", "{62517929-A7BC-4803-AFE0-1467DE022250}"
EndProject
Project("{FAE04EC0-301F-11D3-BF4B-00C04F79EFBC}") = "Abc.Nes.UnitTests", "..\Abc.Nes.UnitTests\Abc.Nes.UnitTests.csproj", "{4960CAA9-93DE-4DE1-93D5-C1B702B38336}"
EndProject
Global
	GlobalSection(SolutionConfigurationPlatforms) = preSolution
		Debug|Any CPU = Debug|Any CPU
		Release|Any CPU = Release|Any CPU
	EndGlobalSection
	GlobalSection(ProjectConfigurationPlatforms) = postSolution
		{FE8CA84E-A197-4B82-A3B7-61294397239C}.Debug|Any CPU.ActiveCfg = Debug|Any CPU
		{FE8CA84E-A197-4B82-A3B7-61294397239C}.Debug|Any CPU.Build.0 = Debug|Any CPU
		{FE8CA84E-A197-4B82-A3B7-61294397239C}.Release|Any CPU.ActiveCfg = Release|Any CPU
		{FE8CA84E-A197-4B82-A3B7-61294397239C}.Release|Any CPU.Build.0 = Release|Any CPU
		{F85ABB84-DA49-4F43-B6E2-3843F98C990C}.Debug|Any CPU.ActiveCfg = Debug|Any CPU
		{F85ABB84-DA49-4F43-B6E2-3843F98C990C}.Debug|Any CPU.Build.0 = Debug|Any CPU
		{F85ABB84-DA49-4F43-B6E2-3843F98C990C}.Release|Any CPU.ActiveCfg = Release|Any CPU
		{F85ABB84-DA49-4F43-B6E2-3843F98C990C}.Release|Any CPU.Build.0 = Release|Any CPU
		{284F9927-F6D2-4727-8A2B-ADABCA5E7E40}.Debug|Any CPU.ActiveCfg = Debug|Any CPU
		{284F9927-F6D2-4727-8A2B-ADABCA5E7E40}.Debug|Any CPU.Build.0 = Debug|Any CPU
		{284F9927-F6D2-4727-8A2B-ADABCA5E7E40}.Release|Any CPU.ActiveCfg = Release|Any CPU
		{284F9927-F6D2-4727-8A2B-ADABCA5E7E40}.Release|Any CPU.Build.0 = Release|Any CPU
		{57833AD8-F3D0-4E7F-ABF1-1C9904C86348}.Debug|Any CPU.ActiveCfg = Debug|Any CPU
		{57833AD8-F3D0-4E7F-ABF1-1C9904C86348}.Debug|Any CPU.Build.0 = Debug|Any CPU
		{57833AD8-F3D0-4E7F-ABF1-1C9904C86348}.Release|Any CPU.ActiveCfg = Release|Any CPU
		{57833AD8-F3D0-4E7F-ABF1-1C9904C86348}.Release|Any CPU.Build.0 = Release|Any CPU
		{80CC8755-68C8-4C2E-B247-3CF8399C3814}.Debug|Any CPU.ActiveCfg = Debug|Any CPU
		{80CC8755-68C8-4C2E-B247-3CF8399C3814}.Debug|Any CPU.Build.0 = Debug|Any CPU
		{80CC8755-68C8-4C2E-B247-3CF8399C3814}.Release|Any CPU.ActiveCfg = Release|Any CPU
		{80CC8755-68C8-4C2E-B247-3CF8399C3814}.Release|Any CPU.Build.0 = Release|Any CPU
		{6F1DF038-55D0-4669-95CC-A59EA95AFB90}.Debug|Any CPU.ActiveCfg = Debug|Any CPU
		{6F1DF038-55D0-4669-95CC-A59EA95AFB90}.Debug|Any CPU.Build.0 = Debug|Any CPU
		{6F1DF038-55D0-4669-95CC-A59EA95AFB90}.Release|Any CPU.ActiveCfg = Release|Any CPU
		{6F1DF038-55D0-4669-95CC-A59EA95AFB90}.Release|Any CPU.Build.0 = Release|Any CPU
		{47BD1AE6-82DB-4E1F-B06D-B6D4D284AB43}.Debug|Any CPU.ActiveCfg = Debug|Any CPU
		{47BD1AE6-82DB-4E1F-B06D-B6D4D284AB43}.Debug|Any CPU.Build.0 = Debug|Any CPU
		{47BD1AE6-82DB-4E1F-B06D-B6D4D284AB43}.Release|Any CPU.ActiveCfg = Release|Any CPU
		{47BD1AE6-82DB-4E1F-B06D-B6D4D284AB43}.Release|Any CPU.Build.0 = Release|Any CPU
		{18D46EC3-C6BF-41BE-9CEA-658E0A6B1D2F}.Debug|Any CPU.ActiveCfg = Debug|Any CPU
		{18D46EC3-C6BF-41BE-9CEA-658E0A6B1D2F}.Debug|Any CPU.Build.0 = Debug|Any CPU
		{18D46EC3-C6BF-41BE-9CEA-658E0A6B1D2F}.Release|Any CPU.ActiveCfg = Release|Any CPU
		{18D46EC3-C6BF-41BE-9CEA-658E0A6B1D2F}.Release|Any CPU.Build.0 = Release|Any CPU
		{44B62E8C-E0AA-4E93-A4EC-C833C3F425B7}.Debug|Any CPU.ActiveCfg = Debug|Any CPU
		{44B62E8C-E0AA-4E93-A4EC-C833C3F425B7}.Debug|Any CPU.Build.0 = Debug|Any CPU
		{44B62E8C-E0AA-4E93-A4EC-C833C3F425B7}.Release|Any CPU.ActiveCfg = Release|Any CPU
		{44B62E8C-E0AA-4E93-A4EC-C833C3F425B7}.Release|Any CPU.Build.0 = Release|Any CPU
		{027D5E18-3847-49AD-B1E2-C855CB67405B}.Debug|Any CPU.ActiveCfg = Debug|Any CPU
		{027D5E18-3847-49AD-B1E2-C855CB67405B}.Debug|Any CPU.Build.0 = Debug|Any CPU
		{027D5E18-3847-49AD-B1E2-C855CB67405B}.Release|Any CPU.ActiveCfg = Release|Any CPU
		{027D5E18-3847-49AD-B1E2-C855CB67405B}.Release|Any CPU.Build.0 = Release|Any CPU
		{E6AC059C-ED72-4B3C-BCC8-DCF7E7469917}.Debug|Any CPU.ActiveCfg = Debug|Any CPU
		{E6AC059C-ED72-4B3C-BCC8-DCF7E7469917}.Debug|Any CPU.Build.0 = Debug|Any CPU
		{E6AC059C-ED72-4B3C-BCC8-DCF7E7469917}.Release|Any CPU.ActiveCfg = Release|Any CPU
		{E6AC059C-ED72-4B3C-BCC8-DCF7E7469917}.Release|Any CPU.Build.0 = Release|Any CPU
		{8922A8FD-91E1-4933-832F-AA0FFF350248}.Debug|Any CPU.ActiveCfg = Debug|Any CPU
		{8922A8FD-91E1-4933-832F-AA0FFF350248}.Debug|Any CPU.Build.0 = Debug|Any CPU
		{8922A8FD-91E1-4933-832F-AA0FFF350248}.Release|Any CPU.ActiveCfg = Release|Any CPU
		{8922A8FD-91E1-4933-832F-AA0FFF350248}.Release|Any CPU.Build.0 = Release|Any CPU
		{70BBDD53-557A-4A61-A3AC-7F1345F0C33D}.Debug|Any CPU.ActiveCfg = Debug|Any CPU
		{70BBDD53-557A-4A61-A3AC-7F1345F0C33D}.Debug|Any CPU.Build.0 = Debug|Any CPU
		{70BBDD53-557A-4A61-A3AC-7F1345F0C33D}.Release|Any CPU.ActiveCfg = Release|Any CPU
		{70BBDD53-557A-4A61-A3AC-7F1345F0C33D}.Release|Any CPU.Build.0 = Release|Any CPU
		{37389899-E43B-4526-81CF-116BF2EEC093}.Debug|Any CPU.ActiveCfg = Debug|Any CPU
		{37389899-E43B-4526-81CF-116BF2EEC093}.Debug|Any CPU.Build.0 = Debug|Any CPU
		{37389899-E43B-4526-81CF-116BF2EEC093}.Release|Any CPU.ActiveCfg = Release|Any CPU
		{37389899-E43B-4526-81CF-116BF2EEC093}.Release|Any CPU.Build.0 = Release|Any CPU
		{62517929-A7BC-4803-AFE0-1467DE022250}.Debug|Any CPU.ActiveCfg = Debug|Any CPU
		{62517929-A7BC-4803-AFE0-1467DE022250}.Debug|Any CPU.Build.0 = Debug|Any CPU
		{62517929-A7BC-4803-AFE0-1467DE022250}.Release|Any CPU.ActiveCfg = Release|Any CPU
		{62517929-A7BC-4803-AFE0-1467DE022250}.Release|Any CPU.Build.0 = Release|Any CPU
		{4960CAA9-93DE-4DE1-93D5-C1B702B38336}.Debug|Any CPU.ActiveCfg = Debug|Any CPU
		{4960CAA9-93DE-4DE1-93D5-C1B702B38336}.Debug|Any CPU.Build.0 = Debug|Any CPU
		{4960CAA9-93DE-4DE1-93D5-C1B702B38336}.Release|Any CPU.ActiveCfg = Release|Any CPU
		{4960CAA9-93DE-4DE1-93D5-C1B702B38336}.Release|Any CPU.Build.0 = Release|Any CPU
	EndGlobalSection
	GlobalSection(SolutionProperties) = preSolution
		HideSolutionNode = FALSE
	EndGlobalSection
	GlobalSection(NestedProjects) = preSolution
		{FE8CA84E-A197-4B82-A3B7-61294397239C} = {C6E7383D-C962-4A58-8541-A64C28638D3E}
		{F85ABB84-DA49-4F43-B6E2-3843F98C990C} = {C6E7383D-C962-4A58-8541-A64C28638D3E}
		{284F9927-F6D2-4727-8A2B-ADABCA5E7E40} = {C6E7383D-C962-4A58-8541-A64C28638D3E}
		{57833AD8-F3D0-4E7F-ABF1-1C9904C86348} = {C6E7383D-C962-4A58-8541-A64C28638D3E}
		{285C9EF1-8916-4177-AA08-9E4943A884A3} = {C6E7383D-C962-4A58-8541-A64C28638D3E}
		{80CC8755-68C8-4C2E-B247-3CF8399C3814} = {285C9EF1-8916-4177-AA08-9E4943A884A3}
		{6F1DF038-55D0-4669-95CC-A59EA95AFB90} = {285C9EF1-8916-4177-AA08-9E4943A884A3}
		{47BD1AE6-82DB-4E1F-B06D-B6D4D284AB43} = {285C9EF1-8916-4177-AA08-9E4943A884A3}
		{18D46EC3-C6BF-41BE-9CEA-658E0A6B1D2F} = {285C9EF1-8916-4177-AA08-9E4943A884A3}
		{44B62E8C-E0AA-4E93-A4EC-C833C3F425B7} = {285C9EF1-8916-4177-AA08-9E4943A884A3}
		{027D5E18-3847-49AD-B1E2-C855CB67405B} = {285C9EF1-8916-4177-AA08-9E4943A884A3}
		{E6AC059C-ED72-4B3C-BCC8-DCF7E7469917} = {470E9BE2-55C0-4302-B89B-5E05C7A03053}
		{8922A8FD-91E1-4933-832F-AA0FFF350248} = {C6E7383D-C962-4A58-8541-A64C28638D3E}
		{70BBDD53-557A-4A61-A3AC-7F1345F0C33D} = {285C9EF1-8916-4177-AA08-9E4943A884A3}
		{37389899-E43B-4526-81CF-116BF2EEC093} = {285C9EF1-8916-4177-AA08-9E4943A884A3}
		{62517929-A7BC-4803-AFE0-1467DE022250} = {285C9EF1-8916-4177-AA08-9E4943A884A3}
		{4960CAA9-93DE-4DE1-93D5-C1B702B38336} = {470E9BE2-55C0-4302-B89B-5E05C7A03053}
	EndGlobalSection
	GlobalSection(ExtensibilityGlobals) = postSolution
		SolutionGuid = {8665C04C-0C9B-41E0-B5EA-26FC0DAC93B2}
	EndGlobalSection
EndGlobal
